// !$*UTF8*$!
{
	archiveVersion = 1;
	classes = {
	};
	objectVersion = 50;
	objects = {

/* Begin PBXBuildFile section */
		6EB702B9A17D6CE80D053070 /* Pods_sparkly.framework in Frameworks */ = {isa = PBXBuildFile; fileRef = 1E7129CA13D42C087AAD40E2 /* Pods_sparkly.framework */; };
		76C03833217A94A400E528D9 /* AppDelegate.swift in Sources */ = {isa = PBXBuildFile; fileRef = 76C03832217A94A400E528D9 /* AppDelegate.swift */; };
		76C03835217A94A400E528D9 /* ViewController.swift in Sources */ = {isa = PBXBuildFile; fileRef = 76C03834217A94A400E528D9 /* ViewController.swift */; };
		76C03837217A94A400E528D9 /* Assets.xcassets in Resources */ = {isa = PBXBuildFile; fileRef = 76C03836217A94A400E528D9 /* Assets.xcassets */; };
		76C0383A217A94A400E528D9 /* Main.storyboard in Resources */ = {isa = PBXBuildFile; fileRef = 76C03838217A94A400E528D9 /* Main.storyboard */; };
/* End PBXBuildFile section */

/* Begin PBXFileReference section */
		1E7129CA13D42C087AAD40E2 /* Pods_sparkly.framework */ = {isa = PBXFileReference; explicitFileType = wrapper.framework; includeInIndex = 0; path = Pods_sparkly.framework; sourceTree = BUILT_PRODUCTS_DIR; };
		525A273791843F42CB3AEBF5 /* Pods-sparkly.debug.xcconfig */ = {isa = PBXFileReference; includeInIndex = 1; lastKnownFileType = text.xcconfig; name = "Pods-sparkly.debug.xcconfig"; path = "Target Support Files/Pods-sparkly/Pods-sparkly.debug.xcconfig"; sourceTree = "<group>"; };
		76C0382F217A94A400E528D9 /* sparkly.app */ = {isa = PBXFileReference; explicitFileType = wrapper.application; includeInIndex = 0; path = sparkly.app; sourceTree = BUILT_PRODUCTS_DIR; };
		76C03832217A94A400E528D9 /* AppDelegate.swift */ = {isa = PBXFileReference; lastKnownFileType = sourcecode.swift; path = AppDelegate.swift; sourceTree = "<group>"; };
		76C03834217A94A400E528D9 /* ViewController.swift */ = {isa = PBXFileReference; lastKnownFileType = sourcecode.swift; path = ViewController.swift; sourceTree = "<group>"; };
		76C03836217A94A400E528D9 /* Assets.xcassets */ = {isa = PBXFileReference; lastKnownFileType = folder.assetcatalog; path = Assets.xcassets; sourceTree = "<group>"; };
		76C03839217A94A400E528D9 /* Base */ = {isa = PBXFileReference; lastKnownFileType = file.storyboard; name = Base; path = Base.lproj/Main.storyboard; sourceTree = "<group>"; };
		76C0383B217A94A400E528D9 /* Info.plist */ = {isa = PBXFileReference; lastKnownFileType = text.plist.xml; path = Info.plist; sourceTree = "<group>"; };
		76C0383C217A94A400E528D9 /* sparkly.entitlements */ = {isa = PBXFileReference; lastKnownFileType = text.plist.entitlements; path = sparkly.entitlements; sourceTree = "<group>"; };
		76C03842217B396400E528D9 /* sparkly-Bridging-Header.h */ = {isa = PBXFileReference; lastKnownFileType = sourcecode.c.h; path = "sparkly-Bridging-Header.h"; sourceTree = "<group>"; };
		DE436AFE62E4387005A3B5B5 /* Pods-sparkly.release.xcconfig */ = {isa = PBXFileReference; includeInIndex = 1; lastKnownFileType = text.xcconfig; name = "Pods-sparkly.release.xcconfig"; path = "Target Support Files/Pods-sparkly/Pods-sparkly.release.xcconfig"; sourceTree = "<group>"; };
/* End PBXFileReference section */

/* Begin PBXFrameworksBuildPhase section */
		76C0382C217A94A400E528D9 /* Frameworks */ = {
			isa = PBXFrameworksBuildPhase;
			buildActionMask = 2147483647;
			files = (
				6EB702B9A17D6CE80D053070 /* Pods_sparkly.framework in Frameworks */,
			);
			runOnlyForDeploymentPostprocessing = 0;
		};
/* End PBXFrameworksBuildPhase section */

/* Begin PBXGroup section */
		3D1100C10E3AD600DF52544E /* Pods */ = {
			isa = PBXGroup;
			children = (
				525A273791843F42CB3AEBF5 /* Pods-sparkly.debug.xcconfig */,
				DE436AFE62E4387005A3B5B5 /* Pods-sparkly.release.xcconfig */,
			);
			path = Pods;
			sourceTree = "<group>";
		};
		56338E8FE1F125E6CAB55F75 /* Frameworks */ = {
			isa = PBXGroup;
			children = (
				1E7129CA13D42C087AAD40E2 /* Pods_sparkly.framework */,
			);
			name = Frameworks;
			sourceTree = "<group>";
		};
		76C03826217A94A400E528D9 = {
			isa = PBXGroup;
			children = (
				76C03831217A94A400E528D9 /* sparkly */,
				76C03830217A94A400E528D9 /* Products */,
				3D1100C10E3AD600DF52544E /* Pods */,
				56338E8FE1F125E6CAB55F75 /* Frameworks */,
			);
			sourceTree = "<group>";
		};
		76C03830217A94A400E528D9 /* Products */ = {
			isa = PBXGroup;
			children = (
				76C0382F217A94A400E528D9 /* sparkly.app */,
			);
			name = Products;
			sourceTree = "<group>";
		};
		76C03831217A94A400E528D9 /* sparkly */ = {
			isa = PBXGroup;
			children = (
				76C03832217A94A400E528D9 /* AppDelegate.swift */,
				76C03834217A94A400E528D9 /* ViewController.swift */,
				76C03836217A94A400E528D9 /* Assets.xcassets */,
				76C03838217A94A400E528D9 /* Main.storyboard */,
				76C0383B217A94A400E528D9 /* Info.plist */,
				76C0383C217A94A400E528D9 /* sparkly.entitlements */,
				76C03842217B396400E528D9 /* sparkly-Bridging-Header.h */,
			);
			path = sparkly;
			sourceTree = "<group>";
		};
/* End PBXGroup section */

/* Begin PBXNativeTarget section */
		76C0382E217A94A400E528D9 /* sparkly */ = {
			isa = PBXNativeTarget;
			buildConfigurationList = 76C0383F217A94A400E528D9 /* Build configuration list for PBXNativeTarget "sparkly" */;
			buildPhases = (
				FABE0E2B922ADE32745D6A25 /* [CP] Check Pods Manifest.lock */,
				76C0382B217A94A400E528D9 /* Sources */,
				76C0382C217A94A400E528D9 /* Frameworks */,
				76C0382D217A94A400E528D9 /* Resources */,
				EEC7E5418A086F322D0ADC59 /* [CP] Embed Pods Frameworks */,
			);
			buildRules = (
			);
			dependencies = (
			);
			name = sparkly;
			productName = sparkly;
			productReference = 76C0382F217A94A400E528D9 /* sparkly.app */;
			productType = "com.apple.product-type.application";
		};
/* End PBXNativeTarget section */

/* Begin PBXProject section */
		76C03827217A94A400E528D9 /* Project object */ = {
			isa = PBXProject;
			attributes = {
				LastSwiftUpdateCheck = 1000;
				LastUpgradeCheck = 1000;
				ORGANIZATIONNAME = "Valentino Urbano";
				TargetAttributes = {
					76C0382E217A94A400E528D9 = {
						CreatedOnToolsVersion = 10.0;
						LastSwiftMigration = 1000;
						SystemCapabilities = {
							com.apple.Sandbox = {
								enabled = 0;
							};
						};
					};
				};
			};
			buildConfigurationList = 76C0382A217A94A400E528D9 /* Build configuration list for PBXProject "sparkly" */;
			compatibilityVersion = "Xcode 9.3";
			developmentRegion = en;
			hasScannedForEncodings = 0;
			knownRegions = (
				en,
				Base,
			);
			mainGroup = 76C03826217A94A400E528D9;
			productRefGroup = 76C03830217A94A400E528D9 /* Products */;
			projectDirPath = "";
			projectRoot = "";
			targets = (
				76C0382E217A94A400E528D9 /* sparkly */,
			);
		};
/* End PBXProject section */

/* Begin PBXResourcesBuildPhase section */
		76C0382D217A94A400E528D9 /* Resources */ = {
			isa = PBXResourcesBuildPhase;
			buildActionMask = 2147483647;
			files = (
				76C03837217A94A400E528D9 /* Assets.xcassets in Resources */,
				76C0383A217A94A400E528D9 /* Main.storyboard in Resources */,
			);
			runOnlyForDeploymentPostprocessing = 0;
		};
/* End PBXResourcesBuildPhase section */

/* Begin PBXShellScriptBuildPhase section */
		EEC7E5418A086F322D0ADC59 /* [CP] Embed Pods Frameworks */ = {
			isa = PBXShellScriptBuildPhase;
			buildActionMask = 2147483647;
			files = (
			);
			inputFileListPaths = (
				"${PODS_ROOT}/Target Support Files/Pods-sparkly/Pods-sparkly-frameworks-${CONFIGURATION}-input-files.xcfilelist",
			);
			name = "[CP] Embed Pods Frameworks";
			outputFileListPaths = (
				"${PODS_ROOT}/Target Support Files/Pods-sparkly/Pods-sparkly-frameworks-${CONFIGURATION}-output-files.xcfilelist",
			);
			runOnlyForDeploymentPostprocessing = 0;
			shellPath = /bin/sh;
			shellScript = "\"${PODS_ROOT}/Target Support Files/Pods-sparkly/Pods-sparkly-frameworks.sh\"\n";
			showEnvVarsInLog = 0;
		};
		FABE0E2B922ADE32745D6A25 /* [CP] Check Pods Manifest.lock */ = {
			isa = PBXShellScriptBuildPhase;
			buildActionMask = 2147483647;
			files = (
			);
			inputFileListPaths = (
			);
			inputPaths = (
				"${PODS_PODFILE_DIR_PATH}/Podfile.lock",
				"${PODS_ROOT}/Manifest.lock",
			);
			name = "[CP] Check Pods Manifest.lock";
			outputFileListPaths = (
			);
			outputPaths = (
				"$(DERIVED_FILE_DIR)/Pods-sparkly-checkManifestLockResult.txt",
			);
			runOnlyForDeploymentPostprocessing = 0;
			shellPath = /bin/sh;
			shellScript = "diff \"${PODS_PODFILE_DIR_PATH}/Podfile.lock\" \"${PODS_ROOT}/Manifest.lock\" > /dev/null\nif [ $? != 0 ] ; then\n    # print error to STDERR\n    echo \"error: The sandbox is not in sync with the Podfile.lock. Run 'pod install' or update your CocoaPods installation.\" >&2\n    exit 1\nfi\n# This output is used by Xcode 'outputs' to avoid re-running this script phase.\necho \"SUCCESS\" > \"${SCRIPT_OUTPUT_FILE_0}\"\n";
			showEnvVarsInLog = 0;
		};
/* End PBXShellScriptBuildPhase section */

/* Begin PBXSourcesBuildPhase section */
		76C0382B217A94A400E528D9 /* Sources */ = {
			isa = PBXSourcesBuildPhase;
			buildActionMask = 2147483647;
			files = (
				76C03835217A94A400E528D9 /* ViewController.swift in Sources */,
				76C03833217A94A400E528D9 /* AppDelegate.swift in Sources */,
			);
			runOnlyForDeploymentPostprocessing = 0;
		};
/* End PBXSourcesBuildPhase section */

/* Begin PBXVariantGroup section */
		76C03838217A94A400E528D9 /* Main.storyboard */ = {
			isa = PBXVariantGroup;
			children = (
				76C03839217A94A400E528D9 /* Base */,
			);
			name = Main.storyboard;
			sourceTree = "<group>";
		};
/* End PBXVariantGroup section */

/* Begin XCBuildConfiguration section */
		76C0383D217A94A400E528D9 /* Debug */ = {
			isa = XCBuildConfiguration;
			buildSettings = {
				ALWAYS_SEARCH_USER_PATHS = NO;
				CLANG_ANALYZER_NONNULL = YES;
				CLANG_ANALYZER_NUMBER_OBJECT_CONVERSION = YES_AGGRESSIVE;
				CLANG_CXX_LANGUAGE_STANDARD = "gnu++14";
				CLANG_CXX_LIBRARY = "libc++";
				CLANG_ENABLE_MODULES = YES;
				CLANG_ENABLE_OBJC_ARC = YES;
				CLANG_ENABLE_OBJC_WEAK = YES;
				CLANG_WARN_BLOCK_CAPTURE_AUTORELEASING = YES;
				CLANG_WARN_BOOL_CONVERSION = YES;
				CLANG_WARN_COMMA = YES;
				CLANG_WARN_CONSTANT_CONVERSION = YES;
				CLANG_WARN_DEPRECATED_OBJC_IMPLEMENTATIONS = YES;
				CLANG_WARN_DIRECT_OBJC_ISA_USAGE = YES_ERROR;
				CLANG_WARN_DOCUMENTATION_COMMENTS = YES;
				CLANG_WARN_EMPTY_BODY = YES;
				CLANG_WARN_ENUM_CONVERSION = YES;
				CLANG_WARN_INFINITE_RECURSION = YES;
				CLANG_WARN_INT_CONVERSION = YES;
				CLANG_WARN_NON_LITERAL_NULL_CONVERSION = YES;
				CLANG_WARN_OBJC_IMPLICIT_RETAIN_SELF = YES;
				CLANG_WARN_OBJC_LITERAL_CONVERSION = YES;
				CLANG_WARN_OBJC_ROOT_CLASS = YES_ERROR;
				CLANG_WARN_RANGE_LOOP_ANALYSIS = YES;
				CLANG_WARN_STRICT_PROTOTYPES = YES;
				CLANG_WARN_SUSPICIOUS_MOVE = YES;
				CLANG_WARN_UNGUARDED_AVAILABILITY = YES_AGGRESSIVE;
				CLANG_WARN_UNREACHABLE_CODE = YES;
				CLANG_WARN__DUPLICATE_METHOD_MATCH = YES;
				CODE_SIGN_IDENTITY = "Mac Developer";
				COPY_PHASE_STRIP = NO;
				DEBUG_INFORMATION_FORMAT = dwarf;
				ENABLE_STRICT_OBJC_MSGSEND = YES;
				ENABLE_TESTABILITY = YES;
				GCC_C_LANGUAGE_STANDARD = gnu11;
				GCC_DYNAMIC_NO_PIC = NO;
				GCC_NO_COMMON_BLOCKS = YES;
				GCC_OPTIMIZATION_LEVEL = 0;
				GCC_PREPROCESSOR_DEFINITIONS = (
					"DEBUG=1",
					"$(inherited)",
				);
				GCC_WARN_64_TO_32_BIT_CONVERSION = YES;
				GCC_WARN_ABOUT_RETURN_TYPE = YES_ERROR;
				GCC_WARN_UNDECLARED_SELECTOR = YES;
				GCC_WARN_UNINITIALIZED_AUTOS = YES_AGGRESSIVE;
				GCC_WARN_UNUSED_FUNCTION = YES;
				GCC_WARN_UNUSED_VARIABLE = YES;
				MACOSX_DEPLOYMENT_TARGET = 10.14;
				MTL_ENABLE_DEBUG_INFO = INCLUDE_SOURCE;
				MTL_FAST_MATH = YES;
				ONLY_ACTIVE_ARCH = YES;
				SDKROOT = macosx;
				SWIFT_ACTIVE_COMPILATION_CONDITIONS = DEBUG;
				SWIFT_OPTIMIZATION_LEVEL = "-Onone";
			};
			name = Debug;
		};
		76C0383E217A94A400E528D9 /* Release */ = {
			isa = XCBuildConfiguration;
			buildSettings = {
				ALWAYS_SEARCH_USER_PATHS = NO;
				CLANG_ANALYZER_NONNULL = YES;
				CLANG_ANALYZER_NUMBER_OBJECT_CONVERSION = YES_AGGRESSIVE;
				CLANG_CXX_LANGUAGE_STANDARD = "gnu++14";
				CLANG_CXX_LIBRARY = "libc++";
				CLANG_ENABLE_MODULES = YES;
				CLANG_ENABLE_OBJC_ARC = YES;
				CLANG_ENABLE_OBJC_WEAK = YES;
				CLANG_WARN_BLOCK_CAPTURE_AUTORELEASING = YES;
				CLANG_WARN_BOOL_CONVERSION = YES;
				CLANG_WARN_COMMA = YES;
				CLANG_WARN_CONSTANT_CONVERSION = YES;
				CLANG_WARN_DEPRECATED_OBJC_IMPLEMENTATIONS = YES;
				CLANG_WARN_DIRECT_OBJC_ISA_USAGE = YES_ERROR;
				CLANG_WARN_DOCUMENTATION_COMMENTS = YES;
				CLANG_WARN_EMPTY_BODY = YES;
				CLANG_WARN_ENUM_CONVERSION = YES;
				CLANG_WARN_INFINITE_RECURSION = YES;
				CLANG_WARN_INT_CONVERSION = YES;
				CLANG_WARN_NON_LITERAL_NULL_CONVERSION = YES;
				CLANG_WARN_OBJC_IMPLICIT_RETAIN_SELF = YES;
				CLANG_WARN_OBJC_LITERAL_CONVERSION = YES;
				CLANG_WARN_OBJC_ROOT_CLASS = YES_ERROR;
				CLANG_WARN_RANGE_LOOP_ANALYSIS = YES;
				CLANG_WARN_STRICT_PROTOTYPES = YES;
				CLANG_WARN_SUSPICIOUS_MOVE = YES;
				CLANG_WARN_UNGUARDED_AVAILABILITY = YES_AGGRESSIVE;
				CLANG_WARN_UNREACHABLE_CODE = YES;
				CLANG_WARN__DUPLICATE_METHOD_MATCH = YES;
				CODE_SIGN_IDENTITY = "Mac Developer";
				COPY_PHASE_STRIP = NO;
				DEBUG_INFORMATION_FORMAT = "dwarf-with-dsym";
				ENABLE_NS_ASSERTIONS = NO;
				ENABLE_STRICT_OBJC_MSGSEND = YES;
				GCC_C_LANGUAGE_STANDARD = gnu11;
				GCC_NO_COMMON_BLOCKS = YES;
				GCC_WARN_64_TO_32_BIT_CONVERSION = YES;
				GCC_WARN_ABOUT_RETURN_TYPE = YES_ERROR;
				GCC_WARN_UNDECLARED_SELECTOR = YES;
				GCC_WARN_UNINITIALIZED_AUTOS = YES_AGGRESSIVE;
				GCC_WARN_UNUSED_FUNCTION = YES;
				GCC_WARN_UNUSED_VARIABLE = YES;
				MACOSX_DEPLOYMENT_TARGET = 10.14;
				MTL_ENABLE_DEBUG_INFO = NO;
				MTL_FAST_MATH = YES;
				SDKROOT = macosx;
				SWIFT_COMPILATION_MODE = wholemodule;
				SWIFT_OPTIMIZATION_LEVEL = "-O";
			};
			name = Release;
		};
		76C03840217A94A400E528D9 /* Debug */ = {
			isa = XCBuildConfiguration;
			baseConfigurationReference = 525A273791843F42CB3AEBF5 /* Pods-sparkly.debug.xcconfig */;
			buildSettings = {
				ASSETCATALOG_COMPILER_APPICON_NAME = AppIcon;
				CLANG_ENABLE_MODULES = YES;
				CODE_SIGN_IDENTITY = "Mac Developer";
				CODE_SIGN_STYLE = Automatic;
				COMBINE_HIDPI_IMAGES = YES;
				DEVELOPMENT_TEAM = 95MYBJF2PF;
				INFOPLIST_FILE = sparkly/Info.plist;
				LD_RUNPATH_SEARCH_PATHS = (
					"$(inherited)",
					"@executable_path/../Frameworks",
				);
				MACOSX_DEPLOYMENT_TARGET = 10.14;
				PRODUCT_BUNDLE_IDENTIFIER = com.valentinourbano.sparkly;
				PRODUCT_NAME = "$(TARGET_NAME)";
				PROVISIONING_PROFILE_SPECIFIER = "";
				SWIFT_OBJC_BRIDGING_HEADER = "sparkly/sparkly-Bridging-Header.h";
				SWIFT_OPTIMIZATION_LEVEL = "-Onone";
				SWIFT_VERSION = 4.2;
			};
			name = Debug;
		};
		76C03841217A94A400E528D9 /* Release */ = {
			isa = XCBuildConfiguration;
			baseConfigurationReference = DE436AFE62E4387005A3B5B5 /* Pods-sparkly.release.xcconfig */;
			buildSettings = {
				ASSETCATALOG_COMPILER_APPICON_NAME = AppIcon;
				CLANG_ENABLE_MODULES = YES;
				CODE_SIGN_IDENTITY = "Mac Developer";
				CODE_SIGN_STYLE = Automatic;
				COMBINE_HIDPI_IMAGES = YES;
				DEVELOPMENT_TEAM = 95MYBJF2PF;
				INFOPLIST_FILE = sparkly/Info.plist;
				LD_RUNPATH_SEARCH_PATHS = (
					"$(inherited)",
					"@executable_path/../Frameworks",
				);
				MACOSX_DEPLOYMENT_TARGET = 10.14;
				PRODUCT_BUNDLE_IDENTIFIER = com.valentinourbano.sparkly;
				PRODUCT_NAME = "$(TARGET_NAME)";
				PROVISIONING_PROFILE_SPECIFIER = "";
				SWIFT_OBJC_BRIDGING_HEADER = "sparkly/sparkly-Bridging-Header.h";
				SWIFT_VERSION = 4.2;
			};
			name = Release;
		};
/* End XCBuildConfiguration section */

/* Begin XCConfigurationList section */
		76C0382A217A94A400E528D9 /* Build configuration list for PBXProject "sparkly" */ = {
			isa = XCConfigurationList;
			buildConfigurations = (
				76C0383D217A94A400E528D9 /* Debug */,
				76C0383E217A94A400E528D9 /* Release */,
			);
			defaultConfigurationIsVisible = 0;
			defaultConfigurationName = Release;
		};
		76C0383F217A94A400E528D9 /* Build configuration list for PBXNativeTarget "sparkly" */ = {
			isa = XCConfigurationList;
			buildConfigurations = (
				76C03840217A94A400E528D9 /* Debug */,
				76C03841217A94A400E528D9 /* Release */,
			);
			defaultConfigurationIsVisible = 0;
			defaultConfigurationName = Release;
		};
/* End XCConfigurationList section */
	};
	rootObject = 76C03827217A94A400E528D9 /* Project object */;
}
